
Microsoft Visual Studio Solution File, Format Version 12.00
# Visual Studio Version 17
VisualStudioVersion = 17.10.35122.118
MinimumVisualStudioVersion = 10.0.40219.1
Project("{FAE04EC0-301F-11D3-BF4B-00C04F79EFBC}") = "Infrastructure", "src\Infrastructure\Infrastructure.csproj", "{695CA99C-A1C2-48F6-81B5-C6A622D8C36A}"
	ProjectSection(ProjectDependencies) = postProject
		{AD02A95C-14AE-4F98-9F57-8C8E5023F452} = {AD02A95C-14AE-4F98-9F57-8C8E5023F452}
	EndProjectSection
EndProject
Project("{FAE04EC0-301F-11D3-BF4B-00C04F79EFBC}") = "Domain", "src\Domain\Domain.csproj", "{8BFBBE22-277E-4BD8-958E-49BE5EA2E611}"
EndProject
Project("{FAE04EC0-301F-11D3-BF4B-00C04F79EFBC}") = "Core", "src\Core\Core.csproj", "{AD02A95C-14AE-4F98-9F57-8C8E5023F452}"
EndProject
Project("{FAE04EC0-301F-11D3-BF4B-00C04F79EFBC}") = "Inbound", "src\Inbound\Inbound.csproj", "{D969152D-A80A-4E88-8341-ADE1426FC4C6}"
EndProject
Project("{FAE04EC0-301F-11D3-BF4B-00C04F79EFBC}") = "Infrastructure.Tests", "tests\Infrastructure.Tests\Infrastructure.Tests.csproj", "{F3ED3D54-0AF8-4918-B6E8-131FC3DDBFFD}"
EndProject
Project("{FAE04EC0-301F-11D3-BF4B-00C04F79EFBC}") = "Core.Tests", "tests\Core.Tests\Core.Tests.csproj", "{2DAA513C-CD36-4FE8-9DE3-681E6A03F865}"
EndProject
Project("{2150E333-8FDC-42A3-9474-1A3956D46DE8}") = "src", "src", "{02EA681E-C7D8-13C7-8484-4AC65E1B71E8}"
EndProject
Project("{2150E333-8FDC-42A3-9474-1A3956D46DE8}") = "tests", "tests", "{5E70FD1B-F502-4060-ABE5-29173584C5AD}"
EndProject
Project("{FAE04EC0-301F-11D3-BF4B-00C04F79EFBC}") = "Domain.Tests", "Domain.Tests\Domain.Tests.csproj", "{837ED615-8A7E-4CC5-AA91-89FAD49CC287}"
EndProject
Project("{FAE04EC0-301F-11D3-BF4B-00C04F79EFBC}") = "IntegrationTests", "IntegrationTests\IntegrationTests.csproj", "{5D18714C-9146-47A1-A300-B09740654085}"
EndProject
Global
	GlobalSection(SolutionConfigurationPlatforms) = preSolution
		Debug|Any CPU = Debug|Any CPU
		Release|Any CPU = Release|Any CPU
	EndGlobalSection
	GlobalSection(ProjectConfigurationPlatforms) = postSolution
		{695CA99C-A1C2-48F6-81B5-C6A622D8C36A}.Debug|Any CPU.ActiveCfg = Debug|Any CPU
		{695CA99C-A1C2-48F6-81B5-C6A622D8C36A}.Debug|Any CPU.Build.0 = Debug|Any CPU
		{695CA99C-A1C2-48F6-81B5-C6A622D8C36A}.Release|Any CPU.ActiveCfg = Release|Any CPU
		{695CA99C-A1C2-48F6-81B5-C6A622D8C36A}.Release|Any CPU.Build.0 = Release|Any CPU
		{8BFBBE22-277E-4BD8-958E-49BE5EA2E611}.Debug|Any CPU.ActiveCfg = Debug|Any CPU
		{8BFBBE22-277E-4BD8-958E-49BE5EA2E611}.Debug|Any CPU.Build.0 = Debug|Any CPU
		{8BFBBE22-277E-4BD8-958E-49BE5EA2E611}.Release|Any CPU.ActiveCfg = Release|Any CPU
		{8BFBBE22-277E-4BD8-958E-49BE5EA2E611}.Release|Any CPU.Build.0 = Release|Any CPU
		{AD02A95C-14AE-4F98-9F57-8C8E5023F452}.Debug|Any CPU.ActiveCfg = Debug|Any CPU
		{AD02A95C-14AE-4F98-9F57-8C8E5023F452}.Debug|Any CPU.Build.0 = Debug|Any CPU
		{AD02A95C-14AE-4F98-9F57-8C8E5023F452}.Release|Any CPU.ActiveCfg = Release|Any CPU
		{AD02A95C-14AE-4F98-9F57-8C8E5023F452}.Release|Any CPU.Build.0 = Release|Any CPU
		{D969152D-A80A-4E88-8341-ADE1426FC4C6}.Debug|Any CPU.ActiveCfg = Debug|Any CPU
		{D969152D-A80A-4E88-8341-ADE1426FC4C6}.Debug|Any CPU.Build.0 = Debug|Any CPU
		{D969152D-A80A-4E88-8341-ADE1426FC4C6}.Release|Any CPU.ActiveCfg = Release|Any CPU
		{D969152D-A80A-4E88-8341-ADE1426FC4C6}.Release|Any CPU.Build.0 = Release|Any CPU
		{F3ED3D54-0AF8-4918-B6E8-131FC3DDBFFD}.Debug|Any CPU.ActiveCfg = Debug|Any CPU
		{F3ED3D54-0AF8-4918-B6E8-131FC3DDBFFD}.Debug|Any CPU.Build.0 = Debug|Any CPU
		{F3ED3D54-0AF8-4918-B6E8-131FC3DDBFFD}.Release|Any CPU.ActiveCfg = Release|Any CPU
		{F3ED3D54-0AF8-4918-B6E8-131FC3DDBFFD}.Release|Any CPU.Build.0 = Release|Any CPU
		{2DAA513C-CD36-4FE8-9DE3-681E6A03F865}.Debug|Any CPU.ActiveCfg = Debug|Any CPU
		{2DAA513C-CD36-4FE8-9DE3-681E6A03F865}.Debug|Any CPU.Build.0 = Debug|Any CPU
		{2DAA513C-CD36-4FE8-9DE3-681E6A03F865}.Release|Any CPU.ActiveCfg = Release|Any CPU
		{2DAA513C-CD36-4FE8-9DE3-681E6A03F865}.Release|Any CPU.Build.0 = Release|Any CPU
		{837ED615-8A7E-4CC5-AA91-89FAD49CC287}.Debug|Any CPU.ActiveCfg = Debug|Any CPU
		{837ED615-8A7E-4CC5-AA91-89FAD49CC287}.Debug|Any CPU.Build.0 = Debug|Any CPU
		{837ED615-8A7E-4CC5-AA91-89FAD49CC287}.Release|Any CPU.ActiveCfg = Release|Any CPU
		{837ED615-8A7E-4CC5-AA91-89FAD49CC287}.Release|Any CPU.Build.0 = Release|Any CPU
		{5D18714C-9146-47A1-A300-B09740654085}.Debug|Any CPU.ActiveCfg = Debug|Any CPU
		{5D18714C-9146-47A1-A300-B09740654085}.Debug|Any CPU.Build.0 = Debug|Any CPU
		{5D18714C-9146-47A1-A300-B09740654085}.Release|Any CPU.ActiveCfg = Release|Any CPU
		{5D18714C-9146-47A1-A300-B09740654085}.Release|Any CPU.Build.0 = Release|Any CPU
	EndGlobalSection
	GlobalSection(SolutionProperties) = preSolution
		HideSolutionNode = FALSE
	EndGlobalSection
	GlobalSection(NestedProjects) = preSolution
		{695CA99C-A1C2-48F6-81B5-C6A622D8C36A} = {02EA681E-C7D8-13C7-8484-4AC65E1B71E8}
		{8BFBBE22-277E-4BD8-958E-49BE5EA2E611} = {02EA681E-C7D8-13C7-8484-4AC65E1B71E8}
		{AD02A95C-14AE-4F98-9F57-8C8E5023F452} = {02EA681E-C7D8-13C7-8484-4AC65E1B71E8}
		{D969152D-A80A-4E88-8341-ADE1426FC4C6} = {02EA681E-C7D8-13C7-8484-4AC65E1B71E8}
		{F3ED3D54-0AF8-4918-B6E8-131FC3DDBFFD} = {5E70FD1B-F502-4060-ABE5-29173584C5AD}
		{2DAA513C-CD36-4FE8-9DE3-681E6A03F865} = {5E70FD1B-F502-4060-ABE5-29173584C5AD}
		{837ED615-8A7E-4CC5-AA91-89FAD49CC287} = {5E70FD1B-F502-4060-ABE5-29173584C5AD}
		{5D18714C-9146-47A1-A300-B09740654085} = {5E70FD1B-F502-4060-ABE5-29173584C5AD}
	EndGlobalSection
	GlobalSection(ExtensibilityGlobals) = postSolution
		SolutionGuid = {1D97B9B9-538E-4A9D-9F5D-2F79CD13320E}
	EndGlobalSection
EndGlobal
