
Microsoft Visual Studio Solution File, Format Version 12.00
# Visual Studio Version 17
VisualStudioVersion = 17.10.35122.118
MinimumVisualStudioVersion = 10.0.40219.1
Project("{FAE04EC0-301F-11D3-BF4B-00C04F79EFBC}") = "Infrastructure", "Infrastructure\Infrastructure.csproj", "{695CA99C-A1C2-48F6-81B5-C6A622D8C36A}"
EndProject
Project("{FAE04EC0-301F-11D3-BF4B-00C04F79EFBC}") = "Domain", "Domain\Domain.csproj", "{8BFBBE22-277E-4BD8-958E-49BE5EA2E611}"
EndProject
Project("{FAE04EC0-301F-11D3-BF4B-00C04F79EFBC}") = "Application", "Application\Application.csproj", "{AD02A95C-14AE-4F98-9F57-8C8E5023F452}"
EndProject
Global
	GlobalSection(SolutionConfigurationPlatforms) = preSolution
		Debug|Any CPU = Debug|Any CPU
		Release|Any CPU = Release|Any CPU
	EndGlobalSection
	GlobalSection(ProjectConfigurationPlatforms) = postSolution
		{695CA99C-A1C2-48F6-81B5-C6A622D8C36A}.Debug|Any CPU.ActiveCfg = Debug|Any CPU
		{695CA99C-A1C2-48F6-81B5-C6A622D8C36A}.Debug|Any CPU.Build.0 = Debug|Any CPU
		{695CA99C-A1C2-48F6-81B5-C6A622D8C36A}.Release|Any CPU.ActiveCfg = Release|Any CPU
		{695CA99C-A1C2-48F6-81B5-C6A622D8C36A}.Release|Any CPU.Build.0 = Release|Any CPU
		{8BFBBE22-277E-4BD8-958E-49BE5EA2E611}.Debug|Any CPU.ActiveCfg = Debug|Any CPU
		{8BFBBE22-277E-4BD8-958E-49BE5EA2E611}.Debug|Any CPU.Build.0 = Debug|Any CPU
		{8BFBBE22-277E-4BD8-958E-49BE5EA2E611}.Release|Any CPU.ActiveCfg = Release|Any CPU
		{8BFBBE22-277E-4BD8-958E-49BE5EA2E611}.Release|Any CPU.Build.0 = Release|Any CPU
		{AD02A95C-14AE-4F98-9F57-8C8E5023F452}.Debug|Any CPU.ActiveCfg = Debug|Any CPU
		{AD02A95C-14AE-4F98-9F57-8C8E5023F452}.Debug|Any CPU.Build.0 = Debug|Any CPU
		{AD02A95C-14AE-4F98-9F57-8C8E5023F452}.Release|Any CPU.ActiveCfg = Release|Any CPU
		{AD02A95C-14AE-4F98-9F57-8C8E5023F452}.Release|Any CPU.Build.0 = Release|Any CPU
	EndGlobalSection
	GlobalSection(SolutionProperties) = preSolution
		HideSolutionNode = FALSE
	EndGlobalSection
	GlobalSection(ExtensibilityGlobals) = postSolution
		SolutionGuid = {1D97B9B9-538E-4A9D-9F5D-2F79CD13320E}
	EndGlobalSection
EndGlobal
